
Microsoft Visual Studio Solution File, Format Version 12.00
# Visual Studio Version 17
VisualStudioVersion = 17.3.32922.545
MinimumVisualStudioVersion = 10.0.40219.1
Project("{FAE04EC0-301F-11D3-BF4B-00C04F79EFBC}") = "DecoratorTask-4", "DecoratorTask-4\DecoratorTask-4.csproj", "{7ED7D788-D6E5-42FE-83FD-8A0182FF85DE}"
EndProject
Global
	GlobalSection(SolutionConfigurationPlatforms) = preSolution
		Debug|Any CPU = Debug|Any CPU
		Release|Any CPU = Release|Any CPU
	EndGlobalSection
	GlobalSection(ProjectConfigurationPlatforms) = postSolution
		{7ED7D788-D6E5-42FE-83FD-8A0182FF85DE}.Debug|Any CPU.ActiveCfg = Debug|Any CPU
		{7ED7D788-D6E5-42FE-83FD-8A0182FF85DE}.Debug|Any CPU.Build.0 = Debug|Any CPU
		{7ED7D788-D6E5-42FE-83FD-8A0182FF85DE}.Release|Any CPU.ActiveCfg = Release|Any CPU
		{7ED7D788-D6E5-42FE-83FD-8A0182FF85DE}.Release|Any CPU.Build.0 = Release|Any CPU
	EndGlobalSection
	GlobalSection(SolutionProperties) = preSolution
		HideSolutionNode = FALSE
	EndGlobalSection
	GlobalSection(ExtensibilityGlobals) = postSolution
		SolutionGuid = {E35DB024-732A-44BF-81AD-D62EF3826AC9}
	EndGlobalSection
EndGlobal
